// !$*UTF8*$!
{
	archiveVersion = 1;
	classes = {
	};
	objectVersion = 46;
	objects = {

/* Begin PBXBuildFile section */
		99863A981E4D6D4D001DAB3B /* AppDelegate.swift in Sources */ = {isa = PBXBuildFile; fileRef = 99863A971E4D6D4D001DAB3B /* AppDelegate.swift */; };
		99863A9A1E4D6D4D001DAB3B /* ViewController.swift in Sources */ = {isa = PBXBuildFile; fileRef = 99863A991E4D6D4D001DAB3B /* ViewController.swift */; };
		99863A9D1E4D6D4D001DAB3B /* Main.storyboard in Resources */ = {isa = PBXBuildFile; fileRef = 99863A9B1E4D6D4D001DAB3B /* Main.storyboard */; };
		99863A9F1E4D6D4D001DAB3B /* Assets.xcassets in Resources */ = {isa = PBXBuildFile; fileRef = 99863A9E1E4D6D4D001DAB3B /* Assets.xcassets */; };
		99863AA21E4D6D4D001DAB3B /* LaunchScreen.storyboard in Resources */ = {isa = PBXBuildFile; fileRef = 99863AA01E4D6D4D001DAB3B /* LaunchScreen.storyboard */; };
		99863AC01E4D7587001DAB3B /* SwiftISY.framework in Frameworks */ = {isa = PBXBuildFile; fileRef = 99863ABF1E4D7587001DAB3B /* SwiftISY.framework */; };
/* End PBXBuildFile section */

/* Begin PBXFileReference section */
		99863A941E4D6D4D001DAB3B /* SwiftISYExample.app */ = {isa = PBXFileReference; explicitFileType = wrapper.application; includeInIndex = 0; path = SwiftISYExample.app; sourceTree = BUILT_PRODUCTS_DIR; };
		99863A971E4D6D4D001DAB3B /* AppDelegate.swift */ = {isa = PBXFileReference; lastKnownFileType = sourcecode.swift; path = AppDelegate.swift; sourceTree = "<group>"; };
		99863A991E4D6D4D001DAB3B /* ViewController.swift */ = {isa = PBXFileReference; lastKnownFileType = sourcecode.swift; path = ViewController.swift; sourceTree = "<group>"; };
		99863A9C1E4D6D4D001DAB3B /* Base */ = {isa = PBXFileReference; lastKnownFileType = file.storyboard; name = Base; path = Base.lproj/Main.storyboard; sourceTree = "<group>"; };
		99863A9E1E4D6D4D001DAB3B /* Assets.xcassets */ = {isa = PBXFileReference; lastKnownFileType = folder.assetcatalog; path = Assets.xcassets; sourceTree = "<group>"; };
		99863AA11E4D6D4D001DAB3B /* Base */ = {isa = PBXFileReference; lastKnownFileType = file.storyboard; name = Base; path = Base.lproj/LaunchScreen.storyboard; sourceTree = "<group>"; };
		99863AA31E4D6D4D001DAB3B /* Info.plist */ = {isa = PBXFileReference; lastKnownFileType = text.plist.xml; name = Info.plist; path = SwiftISYExample/Info.plist; sourceTree = "<group>"; };
		99863AAF1E4D71F8001DAB3B /* LICENSE */ = {isa = PBXFileReference; lastKnownFileType = text; name = LICENSE; path = ../LICENSE; sourceTree = "<group>"; };
		99863AB01E4D71F8001DAB3B /* README.md */ = {isa = PBXFileReference; lastKnownFileType = net.daringfireball.markdown; name = README.md; path = ../README.md; sourceTree = "<group>"; };
		99863ABF1E4D7587001DAB3B /* SwiftISY.framework */ = {isa = PBXFileReference; lastKnownFileType = wrapper.framework; name = SwiftISY.framework; path = "../SwiftISY/build/Debug-iphoneos/SwiftISY.framework"; sourceTree = "<group>"; };
/* End PBXFileReference section */

/* Begin PBXFrameworksBuildPhase section */
		99863A911E4D6D4D001DAB3B /* Frameworks */ = {
			isa = PBXFrameworksBuildPhase;
			buildActionMask = 2147483647;
			files = (
				99863AC01E4D7587001DAB3B /* SwiftISY.framework in Frameworks */,
			);
			runOnlyForDeploymentPostprocessing = 0;
		};
/* End PBXFrameworksBuildPhase section */

/* Begin PBXGroup section */
		99863A8B1E4D6D4D001DAB3B = {
			isa = PBXGroup;
			children = (
				99863AAE1E4D7190001DAB3B /* Metadata */,
				99863A961E4D6D4D001DAB3B /* SwiftISYExample */,
				99863A951E4D6D4D001DAB3B /* Products */,
				99863ABE1E4D7586001DAB3B /* Frameworks */,
			);
			sourceTree = "<group>";
		};
		99863A951E4D6D4D001DAB3B /* Products */ = {
			isa = PBXGroup;
			children = (
				99863A941E4D6D4D001DAB3B /* SwiftISYExample.app */,
			);
			name = Products;
			sourceTree = "<group>";
		};
		99863A961E4D6D4D001DAB3B /* SwiftISYExample */ = {
			isa = PBXGroup;
			children = (
				99863A971E4D6D4D001DAB3B /* AppDelegate.swift */,
				99863A991E4D6D4D001DAB3B /* ViewController.swift */,
				99863A9B1E4D6D4D001DAB3B /* Main.storyboard */,
				99863AA01E4D6D4D001DAB3B /* LaunchScreen.storyboard */,
				99863A9E1E4D6D4D001DAB3B /* Assets.xcassets */,
			);
			path = SwiftISYExample;
			sourceTree = "<group>";
		};
		99863AAE1E4D7190001DAB3B /* Metadata */ = {
			isa = PBXGroup;
			children = (
				99863AAF1E4D71F8001DAB3B /* LICENSE */,
				99863AB01E4D71F8001DAB3B /* README.md */,
				99863AA31E4D6D4D001DAB3B /* Info.plist */,
			);
			name = Metadata;
			sourceTree = "<group>";
		};
		99863ABE1E4D7586001DAB3B /* Frameworks */ = {
			isa = PBXGroup;
			children = (
				99863ABF1E4D7587001DAB3B /* SwiftISY.framework */,
			);
			name = Frameworks;
			sourceTree = "<group>";
		};
/* End PBXGroup section */

/* Begin PBXNativeTarget section */
		99863A931E4D6D4D001DAB3B /* SwiftISYExample */ = {
			isa = PBXNativeTarget;
			buildConfigurationList = 99863AA61E4D6D4D001DAB3B /* Build configuration list for PBXNativeTarget "SwiftISYExample" */;
			buildPhases = (
				99863A901E4D6D4D001DAB3B /* Sources */,
				99863A911E4D6D4D001DAB3B /* Frameworks */,
				99863A921E4D6D4D001DAB3B /* Resources */,
			);
			buildRules = (
			);
			dependencies = (
			);
			name = SwiftISYExample;
			productName = SwiftISYExample;
			productReference = 99863A941E4D6D4D001DAB3B /* SwiftISYExample.app */;
			productType = "com.apple.product-type.application";
		};
/* End PBXNativeTarget section */

/* Begin PBXProject section */
		99863A8C1E4D6D4D001DAB3B /* Project object */ = {
			isa = PBXProject;
			attributes = {
				LastSwiftUpdateCheck = 0820;
				LastUpgradeCheck = 0820;
				ORGANIZATIONNAME = "Warner Zee";
				TargetAttributes = {
					99863A931E4D6D4D001DAB3B = {
						CreatedOnToolsVersion = 8.2.1;
						ProvisioningStyle = Automatic;
					};
				};
			};
			buildConfigurationList = 99863A8F1E4D6D4D001DAB3B /* Build configuration list for PBXProject "SwiftISYExample" */;
			compatibilityVersion = "Xcode 3.2";
			developmentRegion = English;
			hasScannedForEncodings = 0;
			knownRegions = (
				en,
				Base,
			);
			mainGroup = 99863A8B1E4D6D4D001DAB3B;
			productRefGroup = 99863A951E4D6D4D001DAB3B /* Products */;
			projectDirPath = "";
			projectRoot = "";
			targets = (
				99863A931E4D6D4D001DAB3B /* SwiftISYExample */,
			);
		};
/* End PBXProject section */

/* Begin PBXResourcesBuildPhase section */
		99863A921E4D6D4D001DAB3B /* Resources */ = {
			isa = PBXResourcesBuildPhase;
			buildActionMask = 2147483647;
			files = (
				99863AA21E4D6D4D001DAB3B /* LaunchScreen.storyboard in Resources */,
				99863A9F1E4D6D4D001DAB3B /* Assets.xcassets in Resources */,
				99863A9D1E4D6D4D001DAB3B /* Main.storyboard in Resources */,
			);
			runOnlyForDeploymentPostprocessing = 0;
		};
/* End PBXResourcesBuildPhase section */

/* Begin PBXSourcesBuildPhase section */
		99863A901E4D6D4D001DAB3B /* Sources */ = {
			isa = PBXSourcesBuildPhase;
			buildActionMask = 2147483647;
			files = (
				99863A9A1E4D6D4D001DAB3B /* ViewController.swift in Sources */,
				99863A981E4D6D4D001DAB3B /* AppDelegate.swift in Sources */,
			);
			runOnlyForDeploymentPostprocessing = 0;
		};
/* End PBXSourcesBuildPhase section */

/* Begin PBXVariantGroup section */
		99863A9B1E4D6D4D001DAB3B /* Main.storyboard */ = {
			isa = PBXVariantGroup;
			children = (
				99863A9C1E4D6D4D001DAB3B /* Base */,
			);
			name = Main.storyboard;
			sourceTree = "<group>";
		};
		99863AA01E4D6D4D001DAB3B /* LaunchScreen.storyboard */ = {
			isa = PBXVariantGroup;
			children = (
				99863AA11E4D6D4D001DAB3B /* Base */,
			);
			name = LaunchScreen.storyboard;
			sourceTree = "<group>";
		};
/* End PBXVariantGroup section */

/* Begin XCBuildConfiguration section */
		99863AA41E4D6D4D001DAB3B /* Debug */ = {
			isa = XCBuildConfiguration;
			buildSettings = {
				ALWAYS_SEARCH_USER_PATHS = NO;
				CLANG_ANALYZER_NONNULL = YES;
				CLANG_CXX_LANGUAGE_STANDARD = "gnu++0x";
				CLANG_CXX_LIBRARY = "libc++";
				CLANG_ENABLE_MODULES = YES;
				CLANG_ENABLE_OBJC_ARC = YES;
				CLANG_WARN_BOOL_CONVERSION = YES;
				CLANG_WARN_CONSTANT_CONVERSION = YES;
				CLANG_WARN_DIRECT_OBJC_ISA_USAGE = YES_ERROR;
				CLANG_WARN_DOCUMENTATION_COMMENTS = YES;
				CLANG_WARN_EMPTY_BODY = YES;
				CLANG_WARN_ENUM_CONVERSION = YES;
				CLANG_WARN_INFINITE_RECURSION = YES;
				CLANG_WARN_INT_CONVERSION = YES;
				CLANG_WARN_OBJC_ROOT_CLASS = YES_ERROR;
				CLANG_WARN_SUSPICIOUS_MOVE = YES;
				CLANG_WARN_UNREACHABLE_CODE = YES;
				CLANG_WARN__DUPLICATE_METHOD_MATCH = YES;
				COPY_PHASE_STRIP = NO;
				DEBUG_INFORMATION_FORMAT = dwarf;
				ENABLE_STRICT_OBJC_MSGSEND = YES;
				ENABLE_TESTABILITY = YES;
				GCC_C_LANGUAGE_STANDARD = gnu99;
				GCC_DYNAMIC_NO_PIC = NO;
				GCC_NO_COMMON_BLOCKS = YES;
				GCC_OPTIMIZATION_LEVEL = 0;
				GCC_PREPROCESSOR_DEFINITIONS = (
					"DEBUG=1",
					"$(inherited)",
				);
				GCC_WARN_64_TO_32_BIT_CONVERSION = YES;
				GCC_WARN_ABOUT_RETURN_TYPE = YES_ERROR;
				GCC_WARN_UNDECLARED_SELECTOR = YES;
				GCC_WARN_UNINITIALIZED_AUTOS = YES_AGGRESSIVE;
				GCC_WARN_UNUSED_FUNCTION = YES;
				GCC_WARN_UNUSED_VARIABLE = YES;
				IPHONEOS_DEPLOYMENT_TARGET = 9.0;
				MTL_ENABLE_DEBUG_INFO = YES;
				ONLY_ACTIVE_ARCH = YES;
				SDKROOT = iphoneos;
				SWIFT_ACTIVE_COMPILATION_CONDITIONS = DEBUG;
				SWIFT_OPTIMIZATION_LEVEL = "-Onone";
				TARGETED_DEVICE_FAMILY = "1,2";
			};
			name = Debug;
		};
		99863AA51E4D6D4D001DAB3B /* Release */ = {
			isa = XCBuildConfiguration;
			buildSettings = {
				ALWAYS_SEARCH_USER_PATHS = NO;
				CLANG_ANALYZER_NONNULL = YES;
				CLANG_CXX_LANGUAGE_STANDARD = "gnu++0x";
				CLANG_CXX_LIBRARY = "libc++";
				CLANG_ENABLE_MODULES = YES;
				CLANG_ENABLE_OBJC_ARC = YES;
				CLANG_WARN_BOOL_CONVERSION = YES;
				CLANG_WARN_CONSTANT_CONVERSION = YES;
				CLANG_WARN_DIRECT_OBJC_ISA_USAGE = YES_ERROR;
				CLANG_WARN_DOCUMENTATION_COMMENTS = YES;
				CLANG_WARN_EMPTY_BODY = YES;
				CLANG_WARN_ENUM_CONVERSION = YES;
				CLANG_WARN_INFINITE_RECURSION = YES;
				CLANG_WARN_INT_CONVERSION = YES;
				CLANG_WARN_OBJC_ROOT_CLASS = YES_ERROR;
				CLANG_WARN_SUSPICIOUS_MOVE = YES;
				CLANG_WARN_UNREACHABLE_CODE = YES;
				CLANG_WARN__DUPLICATE_METHOD_MATCH = YES;
				COPY_PHASE_STRIP = NO;
				DEBUG_INFORMATION_FORMAT = "dwarf-with-dsym";
				ENABLE_NS_ASSERTIONS = NO;
				ENABLE_STRICT_OBJC_MSGSEND = YES;
				GCC_C_LANGUAGE_STANDARD = gnu99;
				GCC_NO_COMMON_BLOCKS = YES;
				GCC_WARN_64_TO_32_BIT_CONVERSION = YES;
				GCC_WARN_ABOUT_RETURN_TYPE = YES_ERROR;
				GCC_WARN_UNDECLARED_SELECTOR = YES;
				GCC_WARN_UNINITIALIZED_AUTOS = YES_AGGRESSIVE;
				GCC_WARN_UNUSED_FUNCTION = YES;
				GCC_WARN_UNUSED_VARIABLE = YES;
				IPHONEOS_DEPLOYMENT_TARGET = 9.0;
				MTL_ENABLE_DEBUG_INFO = NO;
				SDKROOT = iphoneos;
				SWIFT_OPTIMIZATION_LEVEL = "-Owholemodule";
				TARGETED_DEVICE_FAMILY = "1,2";
				VALIDATE_PRODUCT = YES;
			};
			name = Release;
		};
		99863AA71E4D6D4D001DAB3B /* Debug */ = {
			isa = XCBuildConfiguration;
			buildSettings = {
				ASSETCATALOG_COMPILER_APPICON_NAME = AppIcon;
				DEVELOPMENT_TEAM = "";
				INFOPLIST_FILE = SwiftISYExample/Info.plist;
				LD_RUNPATH_SEARCH_PATHS = "$(inherited) @executable_path/Frameworks";
				PRODUCT_BUNDLE_IDENTIFIER = com.wyz.SwiftISYExample;
				PRODUCT_NAME = "$(TARGET_NAME)";
				SWIFT_VERSION = 3.0;
			};
			name = Debug;
		};
		99863AA81E4D6D4D001DAB3B /* Release */ = {
			isa = XCBuildConfiguration;
			buildSettings = {
				ASSETCATALOG_COMPILER_APPICON_NAME = AppIcon;
				DEVELOPMENT_TEAM = "";
				INFOPLIST_FILE = SwiftISYExample/Info.plist;
				LD_RUNPATH_SEARCH_PATHS = "$(inherited) @executable_path/Frameworks";
				PRODUCT_BUNDLE_IDENTIFIER = com.wyz.SwiftISYExample;
				PRODUCT_NAME = "$(TARGET_NAME)";
				SWIFT_VERSION = 3.0;
			};
			name = Release;
		};
/* End XCBuildConfiguration section */

/* Begin XCConfigurationList section */
		99863A8F1E4D6D4D001DAB3B /* Build configuration list for PBXProject "SwiftISYExample" */ = {
			isa = XCConfigurationList;
			buildConfigurations = (
				99863AA41E4D6D4D001DAB3B /* Debug */,
				99863AA51E4D6D4D001DAB3B /* Release */,
			);
			defaultConfigurationIsVisible = 0;
			defaultConfigurationName = Release;
		};
		99863AA61E4D6D4D001DAB3B /* Build configuration list for PBXNativeTarget "SwiftISYExample" */ = {
			isa = XCConfigurationList;
			buildConfigurations = (
				99863AA71E4D6D4D001DAB3B /* Debug */,
				99863AA81E4D6D4D001DAB3B /* Release */,
			);
			defaultConfigurationIsVisible = 0;
			defaultConfigurationName = Release;
		};
/* End XCConfigurationList section */
	};
	rootObject = 99863A8C1E4D6D4D001DAB3B /* Project object */;
}
